
Microsoft Visual Studio Solution File, Format Version 12.00
# Visual Studio Version 17
VisualStudioVersion = 17.11.35312.102
MinimumVisualStudioVersion = 10.0.40219.1
Project("{FAE04EC0-301F-11D3-BF4B-00C04F79EFBC}") = "EduWebApp03", "EduWebApp03.csproj", "{DA121995-7D32-41E1-BA64-155C76ED6878}"
EndProject
Global
	GlobalSection(SolutionConfigurationPlatforms) = preSolution
		Debug|Any CPU = Debug|Any CPU
		Release|Any CPU = Release|Any CPU
	EndGlobalSection
	GlobalSection(ProjectConfigurationPlatforms) = postSolution
		{DA121995-7D32-41E1-BA64-155C76ED6878}.Debug|Any CPU.ActiveCfg = Debug|Any CPU
		{DA121995-7D32-41E1-BA64-155C76ED6878}.Debug|Any CPU.Build.0 = Debug|Any CPU
		{DA121995-7D32-41E1-BA64-155C76ED6878}.Release|Any CPU.ActiveCfg = Release|Any CPU
		{DA121995-7D32-41E1-BA64-155C76ED6878}.Release|Any CPU.Build.0 = Release|Any CPU
	EndGlobalSection
	GlobalSection(SolutionProperties) = preSolution
		HideSolutionNode = FALSE
	EndGlobalSection
	GlobalSection(ExtensibilityGlobals) = postSolution
		SolutionGuid = {7CFE5278-C9B9-4B54-B4C4-F4AA512D67E8}
	EndGlobalSection
EndGlobal
